
Microsoft Visual Studio Solution File, Format Version 12.00
# Visual Studio Version 16
VisualStudioVersion = 16.0.30011.22
MinimumVisualStudioVersion = 10.0.40219.1
Project("{9A19103F-16F7-4668-BE54-9A1E7A4F7556}") = "TestCompany.Core", "TestCompany.Core\TestCompany.Core.csproj", "{B9D209F2-13AB-4830-8E56-F8154CF0432D}"
EndProject
Project("{9A19103F-16F7-4668-BE54-9A1E7A4F7556}") = "TestCompany.OnlineShopping.Business", "TestCompany.OnlineShopping.Business\TestCompany.OnlineShopping.Business.csproj", "{F1730DD5-86B3-42E7-A65C-E76C4DD4F0E4}"
EndProject
Project("{9A19103F-16F7-4668-BE54-9A1E7A4F7556}") = "TestCompany.OnlineShopping.Entities", "TestCompany.OnlineShopping.Entities\TestCompany.OnlineShopping.Entities.csproj", "{3DE313D9-4F99-4E48-91AA-CEEC726D1771}"
EndProject
Project("{9A19103F-16F7-4668-BE54-9A1E7A4F7556}") = "TestCompany.OnlineShopping.DataAccess", "TestCompany.OnlineShopping.DataAccess\TestCompany.OnlineShopping.DataAccess.csproj", "{BF56BC81-9446-4AA7-9498-69B7EC67DD73}"
EndProject
Project("{FAE04EC0-301F-11D3-BF4B-00C04F79EFBC}") = "WebAPI", "WebAPI\WebAPI.csproj", "{75642118-5D72-4AF8-A55E-27499DC4341A}"
EndProject
Global
	GlobalSection(SolutionConfigurationPlatforms) = preSolution
		Debug|Any CPU = Debug|Any CPU
		Release|Any CPU = Release|Any CPU
	EndGlobalSection
	GlobalSection(ProjectConfigurationPlatforms) = postSolution
		{B9D209F2-13AB-4830-8E56-F8154CF0432D}.Debug|Any CPU.ActiveCfg = Debug|Any CPU
		{B9D209F2-13AB-4830-8E56-F8154CF0432D}.Debug|Any CPU.Build.0 = Debug|Any CPU
		{B9D209F2-13AB-4830-8E56-F8154CF0432D}.Release|Any CPU.ActiveCfg = Release|Any CPU
		{B9D209F2-13AB-4830-8E56-F8154CF0432D}.Release|Any CPU.Build.0 = Release|Any CPU
		{F1730DD5-86B3-42E7-A65C-E76C4DD4F0E4}.Debug|Any CPU.ActiveCfg = Debug|Any CPU
		{F1730DD5-86B3-42E7-A65C-E76C4DD4F0E4}.Debug|Any CPU.Build.0 = Debug|Any CPU
		{F1730DD5-86B3-42E7-A65C-E76C4DD4F0E4}.Release|Any CPU.ActiveCfg = Release|Any CPU
		{F1730DD5-86B3-42E7-A65C-E76C4DD4F0E4}.Release|Any CPU.Build.0 = Release|Any CPU
		{3DE313D9-4F99-4E48-91AA-CEEC726D1771}.Debug|Any CPU.ActiveCfg = Debug|Any CPU
		{3DE313D9-4F99-4E48-91AA-CEEC726D1771}.Debug|Any CPU.Build.0 = Debug|Any CPU
		{3DE313D9-4F99-4E48-91AA-CEEC726D1771}.Release|Any CPU.ActiveCfg = Release|Any CPU
		{3DE313D9-4F99-4E48-91AA-CEEC726D1771}.Release|Any CPU.Build.0 = Release|Any CPU
		{BF56BC81-9446-4AA7-9498-69B7EC67DD73}.Debug|Any CPU.ActiveCfg = Debug|Any CPU
		{BF56BC81-9446-4AA7-9498-69B7EC67DD73}.Debug|Any CPU.Build.0 = Debug|Any CPU
		{BF56BC81-9446-4AA7-9498-69B7EC67DD73}.Release|Any CPU.ActiveCfg = Release|Any CPU
		{BF56BC81-9446-4AA7-9498-69B7EC67DD73}.Release|Any CPU.Build.0 = Release|Any CPU
		{75642118-5D72-4AF8-A55E-27499DC4341A}.Debug|Any CPU.ActiveCfg = Debug|Any CPU
		{75642118-5D72-4AF8-A55E-27499DC4341A}.Debug|Any CPU.Build.0 = Debug|Any CPU
		{75642118-5D72-4AF8-A55E-27499DC4341A}.Release|Any CPU.ActiveCfg = Release|Any CPU
		{75642118-5D72-4AF8-A55E-27499DC4341A}.Release|Any CPU.Build.0 = Release|Any CPU
	EndGlobalSection
	GlobalSection(SolutionProperties) = preSolution
		HideSolutionNode = FALSE
	EndGlobalSection
	GlobalSection(ExtensibilityGlobals) = postSolution
		SolutionGuid = {ECF4EA4B-F25D-4190-8BF7-04881E813DEB}
	EndGlobalSection
EndGlobal
